// !$*UTF8*$!
{
	archiveVersion = 1;
	classes = {
	};
	objectVersion = 56;
	objects = {

/* Begin PBXBuildFile section */
		DF447DFB29C0A9AA00DBABF5 /* AppDelegate.swift in Sources */ = {isa = PBXBuildFile; fileRef = DF447DFA29C0A9AA00DBABF5 /* AppDelegate.swift */; };
		DF447DFD29C0A9AA00DBABF5 /* SceneDelegate.swift in Sources */ = {isa = PBXBuildFile; fileRef = DF447DFC29C0A9AA00DBABF5 /* SceneDelegate.swift */; };
		DF447E0229C0A9AA00DBABF5 /* Main.storyboard in Resources */ = {isa = PBXBuildFile; fileRef = DF447E0029C0A9AA00DBABF5 /* Main.storyboard */; };
		DF447E0529C0A9AA00DBABF5 /* Onboard.xcdatamodeld in Sources */ = {isa = PBXBuildFile; fileRef = DF447E0329C0A9AA00DBABF5 /* Onboard.xcdatamodeld */; };
		DF447E0729C0A9AC00DBABF5 /* Assets.xcassets in Resources */ = {isa = PBXBuildFile; fileRef = DF447E0629C0A9AC00DBABF5 /* Assets.xcassets */; };
		DF447E0A29C0A9AC00DBABF5 /* LaunchScreen.storyboard in Resources */ = {isa = PBXBuildFile; fileRef = DF447E0829C0A9AC00DBABF5 /* LaunchScreen.storyboard */; };
		DF447E1529C0A9AC00DBABF5 /* OnboardTests.swift in Sources */ = {isa = PBXBuildFile; fileRef = DF447E1429C0A9AC00DBABF5 /* OnboardTests.swift */; };
		DF447E1F29C0A9AC00DBABF5 /* OnboardUITests.swift in Sources */ = {isa = PBXBuildFile; fileRef = DF447E1E29C0A9AC00DBABF5 /* OnboardUITests.swift */; };
		DF447E2129C0A9AC00DBABF5 /* OnboardUITestsLaunchTests.swift in Sources */ = {isa = PBXBuildFile; fileRef = DF447E2029C0A9AC00DBABF5 /* OnboardUITestsLaunchTests.swift */; };
		DF447E3B29C0AA6400DBABF5 /* Constants.swift in Sources */ = {isa = PBXBuildFile; fileRef = DF447E2E29C0AA6300DBABF5 /* Constants.swift */; };
		DF447E3D29C0AA6400DBABF5 /* Linker.swift in Sources */ = {isa = PBXBuildFile; fileRef = DF447E3029C0AA6300DBABF5 /* Linker.swift */; };
		DF447E3E29C0AA6400DBABF5 /* Response.swift in Sources */ = {isa = PBXBuildFile; fileRef = DF447E3129C0AA6300DBABF5 /* Response.swift */; };
		DF447E4029C0AA6400DBABF5 /* DB.swift in Sources */ = {isa = PBXBuildFile; fileRef = DF447E3329C0AA6300DBABF5 /* DB.swift */; };
		DF447E4129C0AA6400DBABF5 /* Api.swift in Sources */ = {isa = PBXBuildFile; fileRef = DF447E3429C0AA6300DBABF5 /* Api.swift */; };
		DF447E4329C0AA6400DBABF5 /* ViewController.swift in Sources */ = {isa = PBXBuildFile; fileRef = DF447E3729C0AA6300DBABF5 /* ViewController.swift */; };
		DF447E4429C0AA6400DBABF5 /* LoginController.swift in Sources */ = {isa = PBXBuildFile; fileRef = DF447E3829C0AA6300DBABF5 /* LoginController.swift */; };
		DF447E4629C0AA6400DBABF5 /* NavigationController.swift in Sources */ = {isa = PBXBuildFile; fileRef = DF447E3A29C0AA6300DBABF5 /* NavigationController.swift */; };
		DF447E4829C0AB6500DBABF5 /* Extensions.swift in Sources */ = {isa = PBXBuildFile; fileRef = DF447E4729C0AB6500DBABF5 /* Extensions.swift */; };
		DF8E39BB29C11D9A00863714 /* OnboardingController.swift in Sources */ = {isa = PBXBuildFile; fileRef = DF8E39BA29C11D9900863714 /* OnboardingController.swift */; };
		DF8E39BE29C12A0B00863714 /* OnboardingCell.swift in Sources */ = {isa = PBXBuildFile; fileRef = DF8E39BD29C12A0B00863714 /* OnboardingCell.swift */; };
		DFF6725C29C1FAD700B9D8D9 /* VerificationCodeItem.swift in Sources */ = {isa = PBXBuildFile; fileRef = DFF6725929C1FAD700B9D8D9 /* VerificationCodeItem.swift */; };
		DFF6725D29C1FAD700B9D8D9 /* VerificationCodeProtocol.swift in Sources */ = {isa = PBXBuildFile; fileRef = DFF6725A29C1FAD700B9D8D9 /* VerificationCodeProtocol.swift */; };
		DFF6725E29C1FAD700B9D8D9 /* VerificationCode.swift in Sources */ = {isa = PBXBuildFile; fileRef = DFF6725B29C1FAD700B9D8D9 /* VerificationCode.swift */; };
		DFF6726D29C28D6300B9D8D9 /* CountryPickerCell.swift in Sources */ = {isa = PBXBuildFile; fileRef = DFF6726029C28D6300B9D8D9 /* CountryPickerCell.swift */; };
		DFF6726E29C28D6300B9D8D9 /* Assets.xcassets in Resources */ = {isa = PBXBuildFile; fileRef = DFF6726229C28D6300B9D8D9 /* Assets.xcassets */; };
		DFF6726F29C28D6300B9D8D9 /* countries.json in Resources */ = {isa = PBXBuildFile; fileRef = DFF6726329C28D6300B9D8D9 /* countries.json */; };
		DFF6727029C28D6300B9D8D9 /* Config.swift in Sources */ = {isa = PBXBuildFile; fileRef = DFF6726429C28D6300B9D8D9 /* Config.swift */; };
		DFF6727129C28D6300B9D8D9 /* UIView+Extension.swift in Sources */ = {isa = PBXBuildFile; fileRef = DFF6726629C28D6300B9D8D9 /* UIView+Extension.swift */; };
		DFF6727229C28D6300B9D8D9 /* String+Extension.swift in Sources */ = {isa = PBXBuildFile; fileRef = DFF6726729C28D6300B9D8D9 /* String+Extension.swift */; };
		DFF6727329C28D6300B9D8D9 /* UIStackView+Extension.swift in Sources */ = {isa = PBXBuildFile; fileRef = DFF6726829C28D6300B9D8D9 /* UIStackView+Extension.swift */; };
		DFF6727429C28D6300B9D8D9 /* ColorCompatibility.swift in Sources */ = {isa = PBXBuildFile; fileRef = DFF6726929C28D6300B9D8D9 /* ColorCompatibility.swift */; };
		DFF6727529C28D6300B9D8D9 /* Country.swift in Sources */ = {isa = PBXBuildFile; fileRef = DFF6726A29C28D6300B9D8D9 /* Country.swift */; };
		DFF6727629C28D6300B9D8D9 /* CountryManager.swift in Sources */ = {isa = PBXBuildFile; fileRef = DFF6726B29C28D6300B9D8D9 /* CountryManager.swift */; };
		DFF6727729C28D6300B9D8D9 /* CountryPickerViewController.swift in Sources */ = {isa = PBXBuildFile; fileRef = DFF6726C29C28D6300B9D8D9 /* CountryPickerViewController.swift */; };
/* End PBXBuildFile section */

/* Begin PBXContainerItemProxy section */
		DF447E1129C0A9AC00DBABF5 /* PBXContainerItemProxy */ = {
			isa = PBXContainerItemProxy;
			containerPortal = DF447DEF29C0A9AA00DBABF5 /* Project object */;
			proxyType = 1;
			remoteGlobalIDString = DF447DF629C0A9AA00DBABF5;
			remoteInfo = Onboard;
		};
		DF447E1B29C0A9AC00DBABF5 /* PBXContainerItemProxy */ = {
			isa = PBXContainerItemProxy;
			containerPortal = DF447DEF29C0A9AA00DBABF5 /* Project object */;
			proxyType = 1;
			remoteGlobalIDString = DF447DF629C0A9AA00DBABF5;
			remoteInfo = Onboard;
		};
/* End PBXContainerItemProxy section */

/* Begin PBXFileReference section */
		DF447DF729C0A9AA00DBABF5 /* Onboard.app */ = {isa = PBXFileReference; explicitFileType = wrapper.application; includeInIndex = 0; path = Onboard.app; sourceTree = BUILT_PRODUCTS_DIR; };
		DF447DFA29C0A9AA00DBABF5 /* AppDelegate.swift */ = {isa = PBXFileReference; lastKnownFileType = sourcecode.swift; path = AppDelegate.swift; sourceTree = "<group>"; };
		DF447DFC29C0A9AA00DBABF5 /* SceneDelegate.swift */ = {isa = PBXFileReference; lastKnownFileType = sourcecode.swift; path = SceneDelegate.swift; sourceTree = "<group>"; };
		DF447E0129C0A9AA00DBABF5 /* Base */ = {isa = PBXFileReference; lastKnownFileType = file.storyboard; name = Base; path = Base.lproj/Main.storyboard; sourceTree = "<group>"; };
		DF447E0429C0A9AA00DBABF5 /* Onboard.xcdatamodel */ = {isa = PBXFileReference; lastKnownFileType = wrapper.xcdatamodel; path = Onboard.xcdatamodel; sourceTree = "<group>"; };
		DF447E0629C0A9AC00DBABF5 /* Assets.xcassets */ = {isa = PBXFileReference; lastKnownFileType = folder.assetcatalog; path = Assets.xcassets; sourceTree = "<group>"; };
		DF447E0929C0A9AC00DBABF5 /* Base */ = {isa = PBXFileReference; lastKnownFileType = file.storyboard; name = Base; path = Base.lproj/LaunchScreen.storyboard; sourceTree = "<group>"; };
		DF447E0B29C0A9AC00DBABF5 /* Info.plist */ = {isa = PBXFileReference; lastKnownFileType = text.plist.xml; path = Info.plist; sourceTree = "<group>"; };
		DF447E1029C0A9AC00DBABF5 /* OnboardTests.xctest */ = {isa = PBXFileReference; explicitFileType = wrapper.cfbundle; includeInIndex = 0; path = OnboardTests.xctest; sourceTree = BUILT_PRODUCTS_DIR; };
		DF447E1429C0A9AC00DBABF5 /* OnboardTests.swift */ = {isa = PBXFileReference; lastKnownFileType = sourcecode.swift; path = OnboardTests.swift; sourceTree = "<group>"; };
		DF447E1A29C0A9AC00DBABF5 /* OnboardUITests.xctest */ = {isa = PBXFileReference; explicitFileType = wrapper.cfbundle; includeInIndex = 0; path = OnboardUITests.xctest; sourceTree = BUILT_PRODUCTS_DIR; };
		DF447E1E29C0A9AC00DBABF5 /* OnboardUITests.swift */ = {isa = PBXFileReference; lastKnownFileType = sourcecode.swift; path = OnboardUITests.swift; sourceTree = "<group>"; };
		DF447E2029C0A9AC00DBABF5 /* OnboardUITestsLaunchTests.swift */ = {isa = PBXFileReference; lastKnownFileType = sourcecode.swift; path = OnboardUITestsLaunchTests.swift; sourceTree = "<group>"; };
		DF447E2E29C0AA6300DBABF5 /* Constants.swift */ = {isa = PBXFileReference; fileEncoding = 4; lastKnownFileType = sourcecode.swift; path = Constants.swift; sourceTree = "<group>"; };
		DF447E3029C0AA6300DBABF5 /* Linker.swift */ = {isa = PBXFileReference; fileEncoding = 4; lastKnownFileType = sourcecode.swift; path = Linker.swift; sourceTree = "<group>"; };
		DF447E3129C0AA6300DBABF5 /* Response.swift */ = {isa = PBXFileReference; fileEncoding = 4; lastKnownFileType = sourcecode.swift; path = Response.swift; sourceTree = "<group>"; };
		DF447E3329C0AA6300DBABF5 /* DB.swift */ = {isa = PBXFileReference; fileEncoding = 4; lastKnownFileType = sourcecode.swift; path = DB.swift; sourceTree = "<group>"; };
		DF447E3429C0AA6300DBABF5 /* Api.swift */ = {isa = PBXFileReference; fileEncoding = 4; lastKnownFileType = sourcecode.swift; path = Api.swift; sourceTree = "<group>"; };
		DF447E3729C0AA6300DBABF5 /* ViewController.swift */ = {isa = PBXFileReference; fileEncoding = 4; lastKnownFileType = sourcecode.swift; path = ViewController.swift; sourceTree = "<group>"; };
		DF447E3829C0AA6300DBABF5 /* LoginController.swift */ = {isa = PBXFileReference; fileEncoding = 4; lastKnownFileType = sourcecode.swift; path = LoginController.swift; sourceTree = "<group>"; };
		DF447E3A29C0AA6300DBABF5 /* NavigationController.swift */ = {isa = PBXFileReference; fileEncoding = 4; lastKnownFileType = sourcecode.swift; path = NavigationController.swift; sourceTree = "<group>"; };
		DF447E4729C0AB6500DBABF5 /* Extensions.swift */ = {isa = PBXFileReference; fileEncoding = 4; lastKnownFileType = sourcecode.swift; path = Extensions.swift; sourceTree = "<group>"; };
		DF8E39BA29C11D9900863714 /* OnboardingController.swift */ = {isa = PBXFileReference; lastKnownFileType = sourcecode.swift; path = OnboardingController.swift; sourceTree = "<group>"; };
		DF8E39BD29C12A0B00863714 /* OnboardingCell.swift */ = {isa = PBXFileReference; lastKnownFileType = sourcecode.swift; path = OnboardingCell.swift; sourceTree = "<group>"; };
		DFF6725929C1FAD700B9D8D9 /* VerificationCodeItem.swift */ = {isa = PBXFileReference; fileEncoding = 4; lastKnownFileType = sourcecode.swift; path = VerificationCodeItem.swift; sourceTree = "<group>"; };
		DFF6725A29C1FAD700B9D8D9 /* VerificationCodeProtocol.swift */ = {isa = PBXFileReference; fileEncoding = 4; lastKnownFileType = sourcecode.swift; path = VerificationCodeProtocol.swift; sourceTree = "<group>"; };
		DFF6725B29C1FAD700B9D8D9 /* VerificationCode.swift */ = {isa = PBXFileReference; fileEncoding = 4; lastKnownFileType = sourcecode.swift; path = VerificationCode.swift; sourceTree = "<group>"; };
		DFF6726029C28D6300B9D8D9 /* CountryPickerCell.swift */ = {isa = PBXFileReference; fileEncoding = 4; lastKnownFileType = sourcecode.swift; path = CountryPickerCell.swift; sourceTree = "<group>"; };
		DFF6726229C28D6300B9D8D9 /* Assets.xcassets */ = {isa = PBXFileReference; lastKnownFileType = folder.assetcatalog; path = Assets.xcassets; sourceTree = "<group>"; };
		DFF6726329C28D6300B9D8D9 /* countries.json */ = {isa = PBXFileReference; fileEncoding = 4; lastKnownFileType = text.json; path = countries.json; sourceTree = "<group>"; };
		DFF6726429C28D6300B9D8D9 /* Config.swift */ = {isa = PBXFileReference; fileEncoding = 4; lastKnownFileType = sourcecode.swift; path = Config.swift; sourceTree = "<group>"; };
		DFF6726629C28D6300B9D8D9 /* UIView+Extension.swift */ = {isa = PBXFileReference; fileEncoding = 4; lastKnownFileType = sourcecode.swift; path = "UIView+Extension.swift"; sourceTree = "<group>"; };
		DFF6726729C28D6300B9D8D9 /* String+Extension.swift */ = {isa = PBXFileReference; fileEncoding = 4; lastKnownFileType = sourcecode.swift; path = "String+Extension.swift"; sourceTree = "<group>"; };
		DFF6726829C28D6300B9D8D9 /* UIStackView+Extension.swift */ = {isa = PBXFileReference; fileEncoding = 4; lastKnownFileType = sourcecode.swift; path = "UIStackView+Extension.swift"; sourceTree = "<group>"; };
		DFF6726929C28D6300B9D8D9 /* ColorCompatibility.swift */ = {isa = PBXFileReference; fileEncoding = 4; lastKnownFileType = sourcecode.swift; path = ColorCompatibility.swift; sourceTree = "<group>"; };
		DFF6726A29C28D6300B9D8D9 /* Country.swift */ = {isa = PBXFileReference; fileEncoding = 4; lastKnownFileType = sourcecode.swift; path = Country.swift; sourceTree = "<group>"; };
		DFF6726B29C28D6300B9D8D9 /* CountryManager.swift */ = {isa = PBXFileReference; fileEncoding = 4; lastKnownFileType = sourcecode.swift; path = CountryManager.swift; sourceTree = "<group>"; };
		DFF6726C29C28D6300B9D8D9 /* CountryPickerViewController.swift */ = {isa = PBXFileReference; fileEncoding = 4; lastKnownFileType = sourcecode.swift; path = CountryPickerViewController.swift; sourceTree = "<group>"; };
/* End PBXFileReference section */

/* Begin PBXFrameworksBuildPhase section */
		DF447DF429C0A9AA00DBABF5 /* Frameworks */ = {
			isa = PBXFrameworksBuildPhase;
			buildActionMask = 2147483647;
			files = (
			);
			runOnlyForDeploymentPostprocessing = 0;
		};
		DF447E0D29C0A9AC00DBABF5 /* Frameworks */ = {
			isa = PBXFrameworksBuildPhase;
			buildActionMask = 2147483647;
			files = (
			);
			runOnlyForDeploymentPostprocessing = 0;
		};
		DF447E1729C0A9AC00DBABF5 /* Frameworks */ = {
			isa = PBXFrameworksBuildPhase;
			buildActionMask = 2147483647;
			files = (
			);
			runOnlyForDeploymentPostprocessing = 0;
		};
/* End PBXFrameworksBuildPhase section */

/* Begin PBXGroup section */
		DF447DEE29C0A9AA00DBABF5 = {
			isa = PBXGroup;
			children = (
				DF447DF929C0A9AA00DBABF5 /* Onboard */,
				DF447E1329C0A9AC00DBABF5 /* OnboardTests */,
				DF447E1D29C0A9AC00DBABF5 /* OnboardUITests */,
				DF447DF829C0A9AA00DBABF5 /* Products */,
			);
			sourceTree = "<group>";
		};
		DF447DF829C0A9AA00DBABF5 /* Products */ = {
			isa = PBXGroup;
			children = (
				DF447DF729C0A9AA00DBABF5 /* Onboard.app */,
				DF447E1029C0A9AC00DBABF5 /* OnboardTests.xctest */,
				DF447E1A29C0A9AC00DBABF5 /* OnboardUITests.xctest */,
			);
			name = Products;
			sourceTree = "<group>";
		};
		DF447DF929C0A9AA00DBABF5 /* Onboard */ = {
			isa = PBXGroup;
			children = (
				DFF6725F29C28D6300B9D8D9 /* CountryPicker */,
				DFF6725829C1FAD700B9D8D9 /* VerificationCode */,
				DF8E39BC29C129F600863714 /* CollectionCells */,
				DF447E4729C0AB6500DBABF5 /* Extensions.swift */,
				DF447E2D29C0AA6300DBABF5 /* Utilities */,
				DF447E3629C0AA6300DBABF5 /* ViewControllers */,
				DF447E4929C0AB9100DBABF5 /* Delegates */,
				DF447E0029C0A9AA00DBABF5 /* Main.storyboard */,
				DF447E0629C0A9AC00DBABF5 /* Assets.xcassets */,
				DF447E0829C0A9AC00DBABF5 /* LaunchScreen.storyboard */,
				DF447E0B29C0A9AC00DBABF5 /* Info.plist */,
				DF447E0329C0A9AA00DBABF5 /* Onboard.xcdatamodeld */,
			);
			path = Onboard;
			sourceTree = "<group>";
		};
		DF447E1329C0A9AC00DBABF5 /* OnboardTests */ = {
			isa = PBXGroup;
			children = (
				DF447E1429C0A9AC00DBABF5 /* OnboardTests.swift */,
			);
			path = OnboardTests;
			sourceTree = "<group>";
		};
		DF447E1D29C0A9AC00DBABF5 /* OnboardUITests */ = {
			isa = PBXGroup;
			children = (
				DF447E1E29C0A9AC00DBABF5 /* OnboardUITests.swift */,
				DF447E2029C0A9AC00DBABF5 /* OnboardUITestsLaunchTests.swift */,
			);
			path = OnboardUITests;
			sourceTree = "<group>";
		};
		DF447E2D29C0AA6300DBABF5 /* Utilities */ = {
			isa = PBXGroup;
			children = (
				DF447E2E29C0AA6300DBABF5 /* Constants.swift */,
				DF447E3029C0AA6300DBABF5 /* Linker.swift */,
				DF447E3129C0AA6300DBABF5 /* Response.swift */,
				DF447E3329C0AA6300DBABF5 /* DB.swift */,
				DF447E3429C0AA6300DBABF5 /* Api.swift */,
			);
			path = Utilities;
			sourceTree = "<group>";
		};
		DF447E3629C0AA6300DBABF5 /* ViewControllers */ = {
			isa = PBXGroup;
			children = (
				DF447E3729C0AA6300DBABF5 /* ViewController.swift */,
				DF447E3829C0AA6300DBABF5 /* LoginController.swift */,
				DF447E3A29C0AA6300DBABF5 /* NavigationController.swift */,
				DF8E39BA29C11D9900863714 /* OnboardingController.swift */,
			);
			path = ViewControllers;
			sourceTree = "<group>";
		};
		DF447E4929C0AB9100DBABF5 /* Delegates */ = {
			isa = PBXGroup;
			children = (
				DF447DFA29C0A9AA00DBABF5 /* AppDelegate.swift */,
				DF447DFC29C0A9AA00DBABF5 /* SceneDelegate.swift */,
			);
			path = Delegates;
			sourceTree = "<group>";
		};
		DF8E39BC29C129F600863714 /* CollectionCells */ = {
			isa = PBXGroup;
			children = (
				DF8E39BD29C12A0B00863714 /* OnboardingCell.swift */,
			);
			path = CollectionCells;
			sourceTree = "<group>";
		};
		DFF6725829C1FAD700B9D8D9 /* VerificationCode */ = {
			isa = PBXGroup;
			children = (
				DFF6725929C1FAD700B9D8D9 /* VerificationCodeItem.swift */,
				DFF6725A29C1FAD700B9D8D9 /* VerificationCodeProtocol.swift */,
				DFF6725B29C1FAD700B9D8D9 /* VerificationCode.swift */,
			);
			path = VerificationCode;
			sourceTree = "<group>";
		};
		DFF6725F29C28D6300B9D8D9 /* CountryPicker */ = {
			isa = PBXGroup;
			children = (
				DFF6726029C28D6300B9D8D9 /* CountryPickerCell.swift */,
				DFF6726129C28D6300B9D8D9 /* Resources */,
				DFF6726429C28D6300B9D8D9 /* Config.swift */,
				DFF6726529C28D6300B9D8D9 /* Extensions */,
				DFF6726929C28D6300B9D8D9 /* ColorCompatibility.swift */,
				DFF6726A29C28D6300B9D8D9 /* Country.swift */,
				DFF6726B29C28D6300B9D8D9 /* CountryManager.swift */,
				DFF6726C29C28D6300B9D8D9 /* CountryPickerViewController.swift */,
			);
			path = CountryPicker;
			sourceTree = "<group>";
		};
		DFF6726129C28D6300B9D8D9 /* Resources */ = {
			isa = PBXGroup;
			children = (
				DFF6726229C28D6300B9D8D9 /* Assets.xcassets */,
				DFF6726329C28D6300B9D8D9 /* countries.json */,
			);
			path = Resources;
			sourceTree = "<group>";
		};
		DFF6726529C28D6300B9D8D9 /* Extensions */ = {
			isa = PBXGroup;
			children = (
				DFF6726629C28D6300B9D8D9 /* UIView+Extension.swift */,
				DFF6726729C28D6300B9D8D9 /* String+Extension.swift */,
				DFF6726829C28D6300B9D8D9 /* UIStackView+Extension.swift */,
			);
			path = Extensions;
			sourceTree = "<group>";
		};
/* End PBXGroup section */

/* Begin PBXNativeTarget section */
		DF447DF629C0A9AA00DBABF5 /* Onboard */ = {
			isa = PBXNativeTarget;
			buildConfigurationList = DF447E2429C0A9AC00DBABF5 /* Build configuration list for PBXNativeTarget "Onboard" */;
			buildPhases = (
				DF447DF329C0A9AA00DBABF5 /* Sources */,
				DF447DF429C0A9AA00DBABF5 /* Frameworks */,
				DF447DF529C0A9AA00DBABF5 /* Resources */,
			);
			buildRules = (
			);
			dependencies = (
			);
			name = Onboard;
			productName = Onboard;
			productReference = DF447DF729C0A9AA00DBABF5 /* Onboard.app */;
			productType = "com.apple.product-type.application";
		};
		DF447E0F29C0A9AC00DBABF5 /* OnboardTests */ = {
			isa = PBXNativeTarget;
			buildConfigurationList = DF447E2729C0A9AC00DBABF5 /* Build configuration list for PBXNativeTarget "OnboardTests" */;
			buildPhases = (
				DF447E0C29C0A9AC00DBABF5 /* Sources */,
				DF447E0D29C0A9AC00DBABF5 /* Frameworks */,
				DF447E0E29C0A9AC00DBABF5 /* Resources */,
			);
			buildRules = (
			);
			dependencies = (
				DF447E1229C0A9AC00DBABF5 /* PBXTargetDependency */,
			);
			name = OnboardTests;
			productName = OnboardTests;
			productReference = DF447E1029C0A9AC00DBABF5 /* OnboardTests.xctest */;
			productType = "com.apple.product-type.bundle.unit-test";
		};
		DF447E1929C0A9AC00DBABF5 /* OnboardUITests */ = {
			isa = PBXNativeTarget;
			buildConfigurationList = DF447E2A29C0A9AC00DBABF5 /* Build configuration list for PBXNativeTarget "OnboardUITests" */;
			buildPhases = (
				DF447E1629C0A9AC00DBABF5 /* Sources */,
				DF447E1729C0A9AC00DBABF5 /* Frameworks */,
				DF447E1829C0A9AC00DBABF5 /* Resources */,
			);
			buildRules = (
			);
			dependencies = (
				DF447E1C29C0A9AC00DBABF5 /* PBXTargetDependency */,
			);
			name = OnboardUITests;
			productName = OnboardUITests;
			productReference = DF447E1A29C0A9AC00DBABF5 /* OnboardUITests.xctest */;
			productType = "com.apple.product-type.bundle.ui-testing";
		};
/* End PBXNativeTarget section */

/* Begin PBXProject section */
		DF447DEF29C0A9AA00DBABF5 /* Project object */ = {
			isa = PBXProject;
			attributes = {
				BuildIndependentTargetsInParallel = 1;
				LastSwiftUpdateCheck = 1420;
				LastUpgradeCheck = 1420;
				TargetAttributes = {
					DF447DF629C0A9AA00DBABF5 = {
						CreatedOnToolsVersion = 14.2;
					};
					DF447E0F29C0A9AC00DBABF5 = {
						CreatedOnToolsVersion = 14.2;
						TestTargetID = DF447DF629C0A9AA00DBABF5;
					};
					DF447E1929C0A9AC00DBABF5 = {
						CreatedOnToolsVersion = 14.2;
						TestTargetID = DF447DF629C0A9AA00DBABF5;
					};
				};
			};
			buildConfigurationList = DF447DF229C0A9AA00DBABF5 /* Build configuration list for PBXProject "Onboard" */;
			compatibilityVersion = "Xcode 14.0";
			developmentRegion = en;
			hasScannedForEncodings = 0;
			knownRegions = (
				en,
				Base,
			);
			mainGroup = DF447DEE29C0A9AA00DBABF5;
			productRefGroup = DF447DF829C0A9AA00DBABF5 /* Products */;
			projectDirPath = "";
			projectRoot = "";
			targets = (
				DF447DF629C0A9AA00DBABF5 /* Onboard */,
				DF447E0F29C0A9AC00DBABF5 /* OnboardTests */,
				DF447E1929C0A9AC00DBABF5 /* OnboardUITests */,
			);
		};
/* End PBXProject section */

/* Begin PBXResourcesBuildPhase section */
		DF447DF529C0A9AA00DBABF5 /* Resources */ = {
			isa = PBXResourcesBuildPhase;
			buildActionMask = 2147483647;
			files = (
				DF447E0A29C0A9AC00DBABF5 /* LaunchScreen.storyboard in Resources */,
				DF447E0729C0A9AC00DBABF5 /* Assets.xcassets in Resources */,
				DFF6726E29C28D6300B9D8D9 /* Assets.xcassets in Resources */,
				DFF6726F29C28D6300B9D8D9 /* countries.json in Resources */,
				DF447E0229C0A9AA00DBABF5 /* Main.storyboard in Resources */,
			);
			runOnlyForDeploymentPostprocessing = 0;
		};
		DF447E0E29C0A9AC00DBABF5 /* Resources */ = {
			isa = PBXResourcesBuildPhase;
			buildActionMask = 2147483647;
			files = (
			);
			runOnlyForDeploymentPostprocessing = 0;
		};
		DF447E1829C0A9AC00DBABF5 /* Resources */ = {
			isa = PBXResourcesBuildPhase;
			buildActionMask = 2147483647;
			files = (
			);
			runOnlyForDeploymentPostprocessing = 0;
		};
/* End PBXResourcesBuildPhase section */

/* Begin PBXSourcesBuildPhase section */
		DF447DF329C0A9AA00DBABF5 /* Sources */ = {
			isa = PBXSourcesBuildPhase;
			buildActionMask = 2147483647;
			files = (
				DF447E3E29C0AA6400DBABF5 /* Response.swift in Sources */,
				DFF6727229C28D6300B9D8D9 /* String+Extension.swift in Sources */,
				DFF6725C29C1FAD700B9D8D9 /* VerificationCodeItem.swift in Sources */,
				DF447E3B29C0AA6400DBABF5 /* Constants.swift in Sources */,
				DFF6727529C28D6300B9D8D9 /* Country.swift in Sources */,
				DF447E4029C0AA6400DBABF5 /* DB.swift in Sources */,
				DFF6727029C28D6300B9D8D9 /* Config.swift in Sources */,
				DF447E4129C0AA6400DBABF5 /* Api.swift in Sources */,
				DF447E3D29C0AA6400DBABF5 /* Linker.swift in Sources */,
				DF447E4329C0AA6400DBABF5 /* ViewController.swift in Sources */,
				DF8E39BB29C11D9A00863714 /* OnboardingController.swift in Sources */,
				DF447E4629C0AA6400DBABF5 /* NavigationController.swift in Sources */,
				DFF6725D29C1FAD700B9D8D9 /* VerificationCodeProtocol.swift in Sources */,
				DF447E4829C0AB6500DBABF5 /* Extensions.swift in Sources */,
				DF447E0529C0A9AA00DBABF5 /* Onboard.xcdatamodeld in Sources */,
				DF447DFB29C0A9AA00DBABF5 /* AppDelegate.swift in Sources */,
				DF8E39BE29C12A0B00863714 /* OnboardingCell.swift in Sources */,
				DFF6726D29C28D6300B9D8D9 /* CountryPickerCell.swift in Sources */,
				DFF6727629C28D6300B9D8D9 /* CountryManager.swift in Sources */,
				DF447DFD29C0A9AA00DBABF5 /* SceneDelegate.swift in Sources */,
				DFF6725E29C1FAD700B9D8D9 /* VerificationCode.swift in Sources */,
				DFF6727729C28D6300B9D8D9 /* CountryPickerViewController.swift in Sources */,
				DFF6727129C28D6300B9D8D9 /* UIView+Extension.swift in Sources */,
				DF447E4429C0AA6400DBABF5 /* LoginController.swift in Sources */,
				DFF6727329C28D6300B9D8D9 /* UIStackView+Extension.swift in Sources */,
				DFF6727429C28D6300B9D8D9 /* ColorCompatibility.swift in Sources */,
			);
			runOnlyForDeploymentPostprocessing = 0;
		};
		DF447E0C29C0A9AC00DBABF5 /* Sources */ = {
			isa = PBXSourcesBuildPhase;
			buildActionMask = 2147483647;
			files = (
				DF447E1529C0A9AC00DBABF5 /* OnboardTests.swift in Sources */,
			);
			runOnlyForDeploymentPostprocessing = 0;
		};
		DF447E1629C0A9AC00DBABF5 /* Sources */ = {
			isa = PBXSourcesBuildPhase;
			buildActionMask = 2147483647;
			files = (
				DF447E2129C0A9AC00DBABF5 /* OnboardUITestsLaunchTests.swift in Sources */,
				DF447E1F29C0A9AC00DBABF5 /* OnboardUITests.swift in Sources */,
			);
			runOnlyForDeploymentPostprocessing = 0;
		};
/* End PBXSourcesBuildPhase section */

/* Begin PBXTargetDependency section */
		DF447E1229C0A9AC00DBABF5 /* PBXTargetDependency */ = {
			isa = PBXTargetDependency;
			target = DF447DF629C0A9AA00DBABF5 /* Onboard */;
			targetProxy = DF447E1129C0A9AC00DBABF5 /* PBXContainerItemProxy */;
		};
		DF447E1C29C0A9AC00DBABF5 /* PBXTargetDependency */ = {
			isa = PBXTargetDependency;
			target = DF447DF629C0A9AA00DBABF5 /* Onboard */;
			targetProxy = DF447E1B29C0A9AC00DBABF5 /* PBXContainerItemProxy */;
		};
/* End PBXTargetDependency section */

/* Begin PBXVariantGroup section */
		DF447E0029C0A9AA00DBABF5 /* Main.storyboard */ = {
			isa = PBXVariantGroup;
			children = (
				DF447E0129C0A9AA00DBABF5 /* Base */,
			);
			name = Main.storyboard;
			sourceTree = "<group>";
		};
		DF447E0829C0A9AC00DBABF5 /* LaunchScreen.storyboard */ = {
			isa = PBXVariantGroup;
			children = (
				DF447E0929C0A9AC00DBABF5 /* Base */,
			);
			name = LaunchScreen.storyboard;
			sourceTree = "<group>";
		};
/* End PBXVariantGroup section */

/* Begin XCBuildConfiguration section */
		DF447E2229C0A9AC00DBABF5 /* Debug */ = {
			isa = XCBuildConfiguration;
			buildSettings = {
				ALWAYS_SEARCH_USER_PATHS = NO;
				CLANG_ANALYZER_NONNULL = YES;
				CLANG_ANALYZER_NUMBER_OBJECT_CONVERSION = YES_AGGRESSIVE;
				CLANG_CXX_LANGUAGE_STANDARD = "gnu++20";
				CLANG_ENABLE_MODULES = YES;
				CLANG_ENABLE_OBJC_ARC = YES;
				CLANG_ENABLE_OBJC_WEAK = YES;
				CLANG_WARN_BLOCK_CAPTURE_AUTORELEASING = YES;
				CLANG_WARN_BOOL_CONVERSION = YES;
				CLANG_WARN_COMMA = YES;
				CLANG_WARN_CONSTANT_CONVERSION = YES;
				CLANG_WARN_DEPRECATED_OBJC_IMPLEMENTATIONS = YES;
				CLANG_WARN_DIRECT_OBJC_ISA_USAGE = YES_ERROR;
				CLANG_WARN_DOCUMENTATION_COMMENTS = YES;
				CLANG_WARN_EMPTY_BODY = YES;
				CLANG_WARN_ENUM_CONVERSION = YES;
				CLANG_WARN_INFINITE_RECURSION = YES;
				CLANG_WARN_INT_CONVERSION = YES;
				CLANG_WARN_NON_LITERAL_NULL_CONVERSION = YES;
				CLANG_WARN_OBJC_IMPLICIT_RETAIN_SELF = YES;
				CLANG_WARN_OBJC_LITERAL_CONVERSION = YES;
				CLANG_WARN_OBJC_ROOT_CLASS = YES_ERROR;
				CLANG_WARN_QUOTED_INCLUDE_IN_FRAMEWORK_HEADER = YES;
				CLANG_WARN_RANGE_LOOP_ANALYSIS = YES;
				CLANG_WARN_STRICT_PROTOTYPES = YES;
				CLANG_WARN_SUSPICIOUS_MOVE = YES;
				CLANG_WARN_UNGUARDED_AVAILABILITY = YES_AGGRESSIVE;
				CLANG_WARN_UNREACHABLE_CODE = YES;
				CLANG_WARN__DUPLICATE_METHOD_MATCH = YES;
				COPY_PHASE_STRIP = NO;
				DEBUG_INFORMATION_FORMAT = dwarf;
				ENABLE_STRICT_OBJC_MSGSEND = YES;
				ENABLE_TESTABILITY = YES;
				GCC_C_LANGUAGE_STANDARD = gnu11;
				GCC_DYNAMIC_NO_PIC = NO;
				GCC_NO_COMMON_BLOCKS = YES;
				GCC_OPTIMIZATION_LEVEL = 0;
				GCC_PREPROCESSOR_DEFINITIONS = (
					"DEBUG=1",
					"$(inherited)",
				);
				GCC_WARN_64_TO_32_BIT_CONVERSION = YES;
				GCC_WARN_ABOUT_RETURN_TYPE = YES_ERROR;
				GCC_WARN_UNDECLARED_SELECTOR = YES;
				GCC_WARN_UNINITIALIZED_AUTOS = YES_AGGRESSIVE;
				GCC_WARN_UNUSED_FUNCTION = YES;
				GCC_WARN_UNUSED_VARIABLE = YES;
				IPHONEOS_DEPLOYMENT_TARGET = 16.2;
				MTL_ENABLE_DEBUG_INFO = INCLUDE_SOURCE;
				MTL_FAST_MATH = YES;
				ONLY_ACTIVE_ARCH = YES;
				SDKROOT = iphoneos;
				SWIFT_ACTIVE_COMPILATION_CONDITIONS = DEBUG;
				SWIFT_OPTIMIZATION_LEVEL = "-Onone";
			};
			name = Debug;
		};
		DF447E2329C0A9AC00DBABF5 /* Release */ = {
			isa = XCBuildConfiguration;
			buildSettings = {
				ALWAYS_SEARCH_USER_PATHS = NO;
				CLANG_ANALYZER_NONNULL = YES;
				CLANG_ANALYZER_NUMBER_OBJECT_CONVERSION = YES_AGGRESSIVE;
				CLANG_CXX_LANGUAGE_STANDARD = "gnu++20";
				CLANG_ENABLE_MODULES = YES;
				CLANG_ENABLE_OBJC_ARC = YES;
				CLANG_ENABLE_OBJC_WEAK = YES;
				CLANG_WARN_BLOCK_CAPTURE_AUTORELEASING = YES;
				CLANG_WARN_BOOL_CONVERSION = YES;
				CLANG_WARN_COMMA = YES;
				CLANG_WARN_CONSTANT_CONVERSION = YES;
				CLANG_WARN_DEPRECATED_OBJC_IMPLEMENTATIONS = YES;
				CLANG_WARN_DIRECT_OBJC_ISA_USAGE = YES_ERROR;
				CLANG_WARN_DOCUMENTATION_COMMENTS = YES;
				CLANG_WARN_EMPTY_BODY = YES;
				CLANG_WARN_ENUM_CONVERSION = YES;
				CLANG_WARN_INFINITE_RECURSION = YES;
				CLANG_WARN_INT_CONVERSION = YES;
				CLANG_WARN_NON_LITERAL_NULL_CONVERSION = YES;
				CLANG_WARN_OBJC_IMPLICIT_RETAIN_SELF = YES;
				CLANG_WARN_OBJC_LITERAL_CONVERSION = YES;
				CLANG_WARN_OBJC_ROOT_CLASS = YES_ERROR;
				CLANG_WARN_QUOTED_INCLUDE_IN_FRAMEWORK_HEADER = YES;
				CLANG_WARN_RANGE_LOOP_ANALYSIS = YES;
				CLANG_WARN_STRICT_PROTOTYPES = YES;
				CLANG_WARN_SUSPICIOUS_MOVE = YES;
				CLANG_WARN_UNGUARDED_AVAILABILITY = YES_AGGRESSIVE;
				CLANG_WARN_UNREACHABLE_CODE = YES;
				CLANG_WARN__DUPLICATE_METHOD_MATCH = YES;
				COPY_PHASE_STRIP = NO;
				DEBUG_INFORMATION_FORMAT = "dwarf-with-dsym";
				ENABLE_NS_ASSERTIONS = NO;
				ENABLE_STRICT_OBJC_MSGSEND = YES;
				GCC_C_LANGUAGE_STANDARD = gnu11;
				GCC_NO_COMMON_BLOCKS = YES;
				GCC_WARN_64_TO_32_BIT_CONVERSION = YES;
				GCC_WARN_ABOUT_RETURN_TYPE = YES_ERROR;
				GCC_WARN_UNDECLARED_SELECTOR = YES;
				GCC_WARN_UNINITIALIZED_AUTOS = YES_AGGRESSIVE;
				GCC_WARN_UNUSED_FUNCTION = YES;
				GCC_WARN_UNUSED_VARIABLE = YES;
				IPHONEOS_DEPLOYMENT_TARGET = 16.2;
				MTL_ENABLE_DEBUG_INFO = NO;
				MTL_FAST_MATH = YES;
				SDKROOT = iphoneos;
				SWIFT_COMPILATION_MODE = wholemodule;
				SWIFT_OPTIMIZATION_LEVEL = "-O";
				VALIDATE_PRODUCT = YES;
			};
			name = Release;
		};
		DF447E2529C0A9AC00DBABF5 /* Debug */ = {
			isa = XCBuildConfiguration;
			buildSettings = {
				ASSETCATALOG_COMPILER_APPICON_NAME = AppIcon;
				ASSETCATALOG_COMPILER_GLOBAL_ACCENT_COLOR_NAME = AccentColor;
				CODE_SIGN_STYLE = Automatic;
				CURRENT_PROJECT_VERSION = 1;
				DEVELOPMENT_TEAM = 5W669BK4JQ;
				GENERATE_INFOPLIST_FILE = YES;
				INFOPLIST_FILE = Onboard/Info.plist;
				INFOPLIST_KEY_UIApplicationSupportsIndirectInputEvents = YES;
				INFOPLIST_KEY_UILaunchStoryboardName = LaunchScreen;
				INFOPLIST_KEY_UIMainStoryboardFile = Main;
				INFOPLIST_KEY_UISupportedInterfaceOrientations_iPad = "UIInterfaceOrientationPortrait UIInterfaceOrientationPortraitUpsideDown UIInterfaceOrientationLandscapeLeft UIInterfaceOrientationLandscapeRight";
				INFOPLIST_KEY_UISupportedInterfaceOrientations_iPhone = "UIInterfaceOrientationPortrait UIInterfaceOrientationLandscapeLeft UIInterfaceOrientationLandscapeRight";
				LD_RUNPATH_SEARCH_PATHS = (
					"$(inherited)",
					"@executable_path/Frameworks",
				);
				MARKETING_VERSION = 1.0;
				PRODUCT_BUNDLE_IDENTIFIER = tolu.cc.Onboard;
				PRODUCT_NAME = "$(TARGET_NAME)";
				SWIFT_EMIT_LOC_STRINGS = YES;
				SWIFT_VERSION = 5.0;
				TARGETED_DEVICE_FAMILY = "1,2";
			};
			name = Debug;
		};
		DF447E2629C0A9AC00DBABF5 /* Release */ = {
			isa = XCBuildConfiguration;
			buildSettings = {
				ASSETCATALOG_COMPILER_APPICON_NAME = AppIcon;
				ASSETCATALOG_COMPILER_GLOBAL_ACCENT_COLOR_NAME = AccentColor;
				CODE_SIGN_STYLE = Automatic;
				CURRENT_PROJECT_VERSION = 1;
				DEVELOPMENT_TEAM = 5W669BK4JQ;
				GENERATE_INFOPLIST_FILE = YES;
				INFOPLIST_FILE = Onboard/Info.plist;
				INFOPLIST_KEY_UIApplicationSupportsIndirectInputEvents = YES;
				INFOPLIST_KEY_UILaunchStoryboardName = LaunchScreen;
				INFOPLIST_KEY_UIMainStoryboardFile = Main;
				INFOPLIST_KEY_UISupportedInterfaceOrientations_iPad = "UIInterfaceOrientationPortrait UIInterfaceOrientationPortraitUpsideDown UIInterfaceOrientationLandscapeLeft UIInterfaceOrientationLandscapeRight";
				INFOPLIST_KEY_UISupportedInterfaceOrientations_iPhone = "UIInterfaceOrientationPortrait UIInterfaceOrientationLandscapeLeft UIInterfaceOrientationLandscapeRight";
				LD_RUNPATH_SEARCH_PATHS = (
					"$(inherited)",
					"@executable_path/Frameworks",
				);
				MARKETING_VERSION = 1.0;
				PRODUCT_BUNDLE_IDENTIFIER = tolu.cc.Onboard;
				PRODUCT_NAME = "$(TARGET_NAME)";
				SWIFT_EMIT_LOC_STRINGS = YES;
				SWIFT_VERSION = 5.0;
				TARGETED_DEVICE_FAMILY = "1,2";
			};
			name = Release;
		};
		DF447E2829C0A9AC00DBABF5 /* Debug */ = {
			isa = XCBuildConfiguration;
			buildSettings = {
				ALWAYS_EMBED_SWIFT_STANDARD_LIBRARIES = YES;
				BUNDLE_LOADER = "$(TEST_HOST)";
				CODE_SIGN_STYLE = Automatic;
				CURRENT_PROJECT_VERSION = 1;
				DEVELOPMENT_TEAM = 5W669BK4JQ;
				GENERATE_INFOPLIST_FILE = YES;
				IPHONEOS_DEPLOYMENT_TARGET = 16.2;
				MARKETING_VERSION = 1.0;
				PRODUCT_BUNDLE_IDENTIFIER = tolu.cc.OnboardTests;
				PRODUCT_NAME = "$(TARGET_NAME)";
				SWIFT_EMIT_LOC_STRINGS = NO;
				SWIFT_VERSION = 5.0;
				TARGETED_DEVICE_FAMILY = "1,2";
				TEST_HOST = "$(BUILT_PRODUCTS_DIR)/Onboard.app/$(BUNDLE_EXECUTABLE_FOLDER_PATH)/Onboard";
			};
			name = Debug;
		};
		DF447E2929C0A9AC00DBABF5 /* Release */ = {
			isa = XCBuildConfiguration;
			buildSettings = {
				ALWAYS_EMBED_SWIFT_STANDARD_LIBRARIES = YES;
				BUNDLE_LOADER = "$(TEST_HOST)";
				CODE_SIGN_STYLE = Automatic;
				CURRENT_PROJECT_VERSION = 1;
				DEVELOPMENT_TEAM = 5W669BK4JQ;
				GENERATE_INFOPLIST_FILE = YES;
				IPHONEOS_DEPLOYMENT_TARGET = 16.2;
				MARKETING_VERSION = 1.0;
				PRODUCT_BUNDLE_IDENTIFIER = tolu.cc.OnboardTests;
				PRODUCT_NAME = "$(TARGET_NAME)";
				SWIFT_EMIT_LOC_STRINGS = NO;
				SWIFT_VERSION = 5.0;
				TARGETED_DEVICE_FAMILY = "1,2";
				TEST_HOST = "$(BUILT_PRODUCTS_DIR)/Onboard.app/$(BUNDLE_EXECUTABLE_FOLDER_PATH)/Onboard";
			};
			name = Release;
		};
		DF447E2B29C0A9AC00DBABF5 /* Debug */ = {
			isa = XCBuildConfiguration;
			buildSettings = {
				ALWAYS_EMBED_SWIFT_STANDARD_LIBRARIES = YES;
				CODE_SIGN_STYLE = Automatic;
				CURRENT_PROJECT_VERSION = 1;
				DEVELOPMENT_TEAM = 5W669BK4JQ;
				GENERATE_INFOPLIST_FILE = YES;
				MARKETING_VERSION = 1.0;
				PRODUCT_BUNDLE_IDENTIFIER = tolu.cc.OnboardUITests;
				PRODUCT_NAME = "$(TARGET_NAME)";
				SWIFT_EMIT_LOC_STRINGS = NO;
				SWIFT_VERSION = 5.0;
				TARGETED_DEVICE_FAMILY = "1,2";
				TEST_TARGET_NAME = Onboard;
			};
			name = Debug;
		};
		DF447E2C29C0A9AC00DBABF5 /* Release */ = {
			isa = XCBuildConfiguration;
			buildSettings = {
				ALWAYS_EMBED_SWIFT_STANDARD_LIBRARIES = YES;
				CODE_SIGN_STYLE = Automatic;
				CURRENT_PROJECT_VERSION = 1;
				DEVELOPMENT_TEAM = 5W669BK4JQ;
				GENERATE_INFOPLIST_FILE = YES;
				MARKETING_VERSION = 1.0;
				PRODUCT_BUNDLE_IDENTIFIER = tolu.cc.OnboardUITests;
				PRODUCT_NAME = "$(TARGET_NAME)";
				SWIFT_EMIT_LOC_STRINGS = NO;
				SWIFT_VERSION = 5.0;
				TARGETED_DEVICE_FAMILY = "1,2";
				TEST_TARGET_NAME = Onboard;
			};
			name = Release;
		};
/* End XCBuildConfiguration section */

/* Begin XCConfigurationList section */
		DF447DF229C0A9AA00DBABF5 /* Build configuration list for PBXProject "Onboard" */ = {
			isa = XCConfigurationList;
			buildConfigurations = (
				DF447E2229C0A9AC00DBABF5 /* Debug */,
				DF447E2329C0A9AC00DBABF5 /* Release */,
			);
			defaultConfigurationIsVisible = 0;
			defaultConfigurationName = Release;
		};
		DF447E2429C0A9AC00DBABF5 /* Build configuration list for PBXNativeTarget "Onboard" */ = {
			isa = XCConfigurationList;
			buildConfigurations = (
				DF447E2529C0A9AC00DBABF5 /* Debug */,
				DF447E2629C0A9AC00DBABF5 /* Release */,
			);
			defaultConfigurationIsVisible = 0;
			defaultConfigurationName = Release;
		};
		DF447E2729C0A9AC00DBABF5 /* Build configuration list for PBXNativeTarget "OnboardTests" */ = {
			isa = XCConfigurationList;
			buildConfigurations = (
				DF447E2829C0A9AC00DBABF5 /* Debug */,
				DF447E2929C0A9AC00DBABF5 /* Release */,
			);
			defaultConfigurationIsVisible = 0;
			defaultConfigurationName = Release;
		};
		DF447E2A29C0A9AC00DBABF5 /* Build configuration list for PBXNativeTarget "OnboardUITests" */ = {
			isa = XCConfigurationList;
			buildConfigurations = (
				DF447E2B29C0A9AC00DBABF5 /* Debug */,
				DF447E2C29C0A9AC00DBABF5 /* Release */,
			);
			defaultConfigurationIsVisible = 0;
			defaultConfigurationName = Release;
		};
/* End XCConfigurationList section */

/* Begin XCVersionGroup section */
		DF447E0329C0A9AA00DBABF5 /* Onboard.xcdatamodeld */ = {
			isa = XCVersionGroup;
			children = (
				DF447E0429C0A9AA00DBABF5 /* Onboard.xcdatamodel */,
			);
			currentVersion = DF447E0429C0A9AA00DBABF5 /* Onboard.xcdatamodel */;
			path = Onboard.xcdatamodeld;
			sourceTree = "<group>";
			versionGroupType = wrapper.xcdatamodel;
		};
/* End XCVersionGroup section */
	};
	rootObject = DF447DEF29C0A9AA00DBABF5 /* Project object */;
}
